
Microsoft Visual Studio Solution File, Format Version 12.00
Project("{FAE04EC0-301F-11D3-BF4B-00C04F79EFBC}") = "FinanceTracker", "FinanceTracker.csproj", "{A9A65045-2BD7-4E36-B89A-AA6D194E7B05}"
EndProject
Project("{2150E333-8FDC-42A3-9474-1A3956D46DE8}") = "Solution Items", "Solution Items", "{8909DCE0-38E1-42A7-A315-CDC7F8039824}"
	ProjectSection(SolutionItems) = preProject
		compose.yaml = compose.yaml
	EndProjectSection
EndProject
Global
	GlobalSection(SolutionConfigurationPlatforms) = preSolution
		Debug|Any CPU = Debug|Any CPU
		Release|Any CPU = Release|Any CPU
	EndGlobalSection
	GlobalSection(ProjectConfigurationPlatforms) = postSolution
		{A9A65045-2BD7-4E36-B89A-AA6D194E7B05}.Debug|Any CPU.ActiveCfg = Debug|Any CPU
		{A9A65045-2BD7-4E36-B89A-AA6D194E7B05}.Debug|Any CPU.Build.0 = Debug|Any CPU
		{A9A65045-2BD7-4E36-B89A-AA6D194E7B05}.Release|Any CPU.ActiveCfg = Release|Any CPU
		{A9A65045-2BD7-4E36-B89A-AA6D194E7B05}.Release|Any CPU.Build.0 = Release|Any CPU
	EndGlobalSection
EndGlobal
